// !$*UTF8*$!
{
	archiveVersion = 1;
	classes = {
	};
	objectVersion = 52;
	objects = {

/* Begin PBXBuildFile section */
		060AE36326E7AD3100D8F881 /* SearchViewTab.swift in Sources */ = {isa = PBXBuildFile; fileRef = 060AE36226E7AD3100D8F881 /* SearchViewTab.swift */; };
		060AE36526E7B10700D8F881 /* CardGrid.swift in Sources */ = {isa = PBXBuildFile; fileRef = 060AE36426E7B10700D8F881 /* CardGrid.swift */; };
		060AE36A26E7B50900D8F881 /* SingleCardView.swift in Sources */ = {isa = PBXBuildFile; fileRef = 060AE36926E7B50900D8F881 /* SingleCardView.swift */; };
		062A5D71265F1802009FACCB /* MTGWizardApp.swift in Sources */ = {isa = PBXBuildFile; fileRef = 062A5D70265F1802009FACCB /* MTGWizardApp.swift */; };
		062A5D73265F1802009FACCB /* LandingView.swift in Sources */ = {isa = PBXBuildFile; fileRef = 062A5D72265F1802009FACCB /* LandingView.swift */; };
		062A5D75265F1803009FACCB /* Assets.xcassets in Resources */ = {isa = PBXBuildFile; fileRef = 062A5D74265F1803009FACCB /* Assets.xcassets */; };
		062A5D78265F1803009FACCB /* Preview Assets.xcassets in Resources */ = {isa = PBXBuildFile; fileRef = 062A5D77265F1803009FACCB /* Preview Assets.xcassets */; };
		063A799526EA9DB000C0195C /* SearchViewModel.swift in Sources */ = {isa = PBXBuildFile; fileRef = 063A799426EA9DB000C0195C /* SearchViewModel.swift */; };
		06666A792700ED4D008087EB /* Errors.swift in Sources */ = {isa = PBXBuildFile; fileRef = 06666A782700ED4D008087EB /* Errors.swift */; };
		066A1E1A27205D2F00211FA8 /* ColorSelector.swift in Sources */ = {isa = PBXBuildFile; fileRef = 066A1E1927205D2F00211FA8 /* ColorSelector.swift */; };
		0681F2C62874C7650010E1B6 /* LegalityView.swift in Sources */ = {isa = PBXBuildFile; fileRef = 0681F2C52874C7650010E1B6 /* LegalityView.swift */; };
		0681F2CA2874CD110010E1B6 /* Legality+Color.swift in Sources */ = {isa = PBXBuildFile; fileRef = 0681F2C92874CD110010E1B6 /* Legality+Color.swift */; };
		0681F2D3287524830010E1B6 /* SavedCardsView.swift in Sources */ = {isa = PBXBuildFile; fileRef = 0681F2D2287524830010E1B6 /* SavedCardsView.swift */; };
		069813E5286F905500D00C2E /* RulebookView.swift in Sources */ = {isa = PBXBuildFile; fileRef = 069813E4286F905500D00C2E /* RulebookView.swift */; };
		069813E8286F906700D00C2E /* RulebookViewModel.swift in Sources */ = {isa = PBXBuildFile; fileRef = 069813E7286F906700D00C2E /* RulebookViewModel.swift */; };
		069813EB286F909A00D00C2E /* RulesKit.swift in Sources */ = {isa = PBXBuildFile; fileRef = 069813EA286F909A00D00C2E /* RulesKit.swift */; };
		069813F0286F935900D00C2E /* SubcategoriesView.swift in Sources */ = {isa = PBXBuildFile; fileRef = 069813EF286F935900D00C2E /* SubcategoriesView.swift */; };
		069813F2286F937E00D00C2E /* RuleView.swift in Sources */ = {isa = PBXBuildFile; fileRef = 069813F1286F937E00D00C2E /* RuleView.swift */; };
		069813F4286F950900D00C2E /* RulesView.swift in Sources */ = {isa = PBXBuildFile; fileRef = 069813F3286F950900D00C2E /* RulesView.swift */; };
		069813F6286F9DB800D00C2E /* SearchFilters.swift in Sources */ = {isa = PBXBuildFile; fileRef = 069813F5286F9DB800D00C2E /* SearchFilters.swift */; };
		069813FD2871380000D00C2E /* ManaSymbolToggle.swift in Sources */ = {isa = PBXBuildFile; fileRef = 069813FC2871380000D00C2E /* ManaSymbolToggle.swift */; };
		0698140128714D2C00D00C2E /* RaritySelector.swift in Sources */ = {isa = PBXBuildFile; fileRef = 0698140028714D2C00D00C2E /* RaritySelector.swift */; };
		069E3FE228748F1B0084C973 /* CategoriesView.swift in Sources */ = {isa = PBXBuildFile; fileRef = 069E3FE128748F1B0084C973 /* CategoriesView.swift */; };
		069E3FE628749E160084C973 /* GlossaryTermView.swift in Sources */ = {isa = PBXBuildFile; fileRef = 069E3FE528749E160084C973 /* GlossaryTermView.swift */; };
		069E3FE928749E7F0084C973 /* GlossaryTermListView.swift in Sources */ = {isa = PBXBuildFile; fileRef = 069E3FE828749E7F0084C973 /* GlossaryTermListView.swift */; };
		069E3FEB2874A1290084C973 /* ClearButton.swift in Sources */ = {isa = PBXBuildFile; fileRef = 069E3FEA2874A1290084C973 /* ClearButton.swift */; };
		06A5F61026FACA0D00E422A8 /* RulingsList.swift in Sources */ = {isa = PBXBuildFile; fileRef = 06A5F60F26FACA0D00E422A8 /* RulingsList.swift */; };
		06BFD8C3271B842A00DCF862 /* SearchFilterView.swift in Sources */ = {isa = PBXBuildFile; fileRef = 06BFD8C2271B842A00DCF862 /* SearchFilterView.swift */; };
		06F77C0626E7F6D5005C35C0 /* CardDescription.swift in Sources */ = {isa = PBXBuildFile; fileRef = 06F77C0526E7F6D5005C35C0 /* CardDescription.swift */; };
		06F77C0B26E82E20005C35C0 /* MockData.swift in Sources */ = {isa = PBXBuildFile; fileRef = 06F77C0A26E82E20005C35C0 /* MockData.swift */; };
		06F77C1026E82EB9005C35C0 /* NarsetEnlightenedMaster.json in CopyFiles */ = {isa = PBXBuildFile; fileRef = 06F77C0F26E82EB9005C35C0 /* NarsetEnlightenedMaster.json */; };
		06F77C1226E82EE1005C35C0 /* AkkiLavaRunner.json in CopyFiles */ = {isa = PBXBuildFile; fileRef = 06F77C1126E82EE1005C35C0 /* AkkiLavaRunner.json */; };
		06F77C1426E82EFB005C35C0 /* HalvarGodOfBattle.json in CopyFiles */ = {isa = PBXBuildFile; fileRef = 06F77C1326E82EFB005C35C0 /* HalvarGodOfBattle.json */; };
		06F77C1F26E84841005C35C0 /* ManaCostView.swift in Sources */ = {isa = PBXBuildFile; fileRef = 06F77C1E26E84841005C35C0 /* ManaCostView.swift */; };
		2A225338287B6E07005FE78E /* Array+RawRepresentable.swift in Sources */ = {isa = PBXBuildFile; fileRef = 2A225337287B6E07005FE78E /* Array+RawRepresentable.swift */; };
		2A94C9B1287BBB3C00E25849 /* CardDescriptionViewModel.swift in Sources */ = {isa = PBXBuildFile; fileRef = 2A94C9B0287BBB3C00E25849 /* CardDescriptionViewModel.swift */; };
		2A94C9B5287BC73A00E25849 /* SearchViewBody.swift in Sources */ = {isa = PBXBuildFile; fileRef = 2A94C9B4287BC73A00E25849 /* SearchViewBody.swift */; };
		2A94C9B7287C551200E25849 /* View+TextFieldAlert.swift in Sources */ = {isa = PBXBuildFile; fileRef = 2A94C9B6287C551200E25849 /* View+TextFieldAlert.swift */; };
		2A94C9BE287C79E700E25849 /* SearchView.swift in Sources */ = {isa = PBXBuildFile; fileRef = 2A94C9BD287C79E700E25849 /* SearchView.swift */; };
		2AA021EE2882419600DDE976 /* ScryfallKit in Frameworks */ = {isa = PBXBuildFile; productRef = 2AA021ED2882419600DDE976 /* ScryfallKit */; };
/* End PBXBuildFile section */

/* Begin PBXContainerItemProxy section */
		06E7FC80270534F100802AC0 /* PBXContainerItemProxy */ = {
			isa = PBXContainerItemProxy;
			containerPortal = 062A5D65265F1802009FACCB /* Project object */;
			proxyType = 1;
			remoteGlobalIDString = 062A5D6C265F1802009FACCB;
			remoteInfo = MTGWizard;
		};
/* End PBXContainerItemProxy section */

/* Begin PBXCopyFilesBuildPhase section */
		06F77C1626E82F7D005C35C0 /* CopyFiles */ = {
			isa = PBXCopyFilesBuildPhase;
			buildActionMask = 2147483647;
			dstPath = Creatures;
			dstSubfolderSpec = 7;
			files = (
				06F77C1226E82EE1005C35C0 /* AkkiLavaRunner.json in CopyFiles */,
				06F77C1026E82EB9005C35C0 /* NarsetEnlightenedMaster.json in CopyFiles */,
				06F77C1426E82EFB005C35C0 /* HalvarGodOfBattle.json in CopyFiles */,
			);
			runOnlyForDeploymentPostprocessing = 0;
		};
/* End PBXCopyFilesBuildPhase section */

/* Begin PBXFileReference section */
		060AE36226E7AD3100D8F881 /* SearchViewTab.swift */ = {isa = PBXFileReference; lastKnownFileType = sourcecode.swift; path = SearchViewTab.swift; sourceTree = "<group>"; };
		060AE36426E7B10700D8F881 /* CardGrid.swift */ = {isa = PBXFileReference; lastKnownFileType = sourcecode.swift; path = CardGrid.swift; sourceTree = "<group>"; };
		060AE36926E7B50900D8F881 /* SingleCardView.swift */ = {isa = PBXFileReference; lastKnownFileType = sourcecode.swift; path = SingleCardView.swift; sourceTree = "<group>"; };
		062A5D6D265F1802009FACCB /* MTGWizard.app */ = {isa = PBXFileReference; explicitFileType = wrapper.application; includeInIndex = 0; path = MTGWizard.app; sourceTree = BUILT_PRODUCTS_DIR; };
		062A5D70265F1802009FACCB /* MTGWizardApp.swift */ = {isa = PBXFileReference; lastKnownFileType = sourcecode.swift; path = MTGWizardApp.swift; sourceTree = "<group>"; };
		062A5D72265F1802009FACCB /* LandingView.swift */ = {isa = PBXFileReference; lastKnownFileType = sourcecode.swift; path = LandingView.swift; sourceTree = "<group>"; };
		062A5D74265F1803009FACCB /* Assets.xcassets */ = {isa = PBXFileReference; lastKnownFileType = folder.assetcatalog; path = Assets.xcassets; sourceTree = "<group>"; };
		062A5D77265F1803009FACCB /* Preview Assets.xcassets */ = {isa = PBXFileReference; lastKnownFileType = folder.assetcatalog; path = "Preview Assets.xcassets"; sourceTree = "<group>"; };
		062A5D79265F1803009FACCB /* Info.plist */ = {isa = PBXFileReference; lastKnownFileType = text.plist.xml; path = Info.plist; sourceTree = "<group>"; };
		063A799426EA9DB000C0195C /* SearchViewModel.swift */ = {isa = PBXFileReference; lastKnownFileType = sourcecode.swift; path = SearchViewModel.swift; sourceTree = "<group>"; };
		06666A782700ED4D008087EB /* Errors.swift */ = {isa = PBXFileReference; lastKnownFileType = sourcecode.swift; path = Errors.swift; sourceTree = "<group>"; };
		066A1E1927205D2F00211FA8 /* ColorSelector.swift */ = {isa = PBXFileReference; lastKnownFileType = sourcecode.swift; path = ColorSelector.swift; sourceTree = "<group>"; };
		0681F2C52874C7650010E1B6 /* LegalityView.swift */ = {isa = PBXFileReference; lastKnownFileType = sourcecode.swift; path = LegalityView.swift; sourceTree = "<group>"; };
		0681F2C92874CD110010E1B6 /* Legality+Color.swift */ = {isa = PBXFileReference; lastKnownFileType = sourcecode.swift; path = "Legality+Color.swift"; sourceTree = "<group>"; };
		0681F2D2287524830010E1B6 /* SavedCardsView.swift */ = {isa = PBXFileReference; lastKnownFileType = sourcecode.swift; path = SavedCardsView.swift; sourceTree = "<group>"; };
		069813E4286F905500D00C2E /* RulebookView.swift */ = {isa = PBXFileReference; lastKnownFileType = sourcecode.swift; path = RulebookView.swift; sourceTree = "<group>"; };
		069813E7286F906700D00C2E /* RulebookViewModel.swift */ = {isa = PBXFileReference; lastKnownFileType = sourcecode.swift; path = RulebookViewModel.swift; sourceTree = "<group>"; };
		069813EA286F909A00D00C2E /* RulesKit.swift */ = {isa = PBXFileReference; lastKnownFileType = sourcecode.swift; path = RulesKit.swift; sourceTree = "<group>"; };
		069813EF286F935900D00C2E /* SubcategoriesView.swift */ = {isa = PBXFileReference; lastKnownFileType = sourcecode.swift; path = SubcategoriesView.swift; sourceTree = "<group>"; };
		069813F1286F937E00D00C2E /* RuleView.swift */ = {isa = PBXFileReference; lastKnownFileType = sourcecode.swift; path = RuleView.swift; sourceTree = "<group>"; };
		069813F3286F950900D00C2E /* RulesView.swift */ = {isa = PBXFileReference; lastKnownFileType = sourcecode.swift; path = RulesView.swift; sourceTree = "<group>"; };
		069813F5286F9DB800D00C2E /* SearchFilters.swift */ = {isa = PBXFileReference; lastKnownFileType = sourcecode.swift; path = SearchFilters.swift; sourceTree = "<group>"; };
		069813FC2871380000D00C2E /* ManaSymbolToggle.swift */ = {isa = PBXFileReference; lastKnownFileType = sourcecode.swift; path = ManaSymbolToggle.swift; sourceTree = "<group>"; };
		0698140028714D2C00D00C2E /* RaritySelector.swift */ = {isa = PBXFileReference; lastKnownFileType = sourcecode.swift; path = RaritySelector.swift; sourceTree = "<group>"; };
		069E3FE128748F1B0084C973 /* CategoriesView.swift */ = {isa = PBXFileReference; lastKnownFileType = sourcecode.swift; path = CategoriesView.swift; sourceTree = "<group>"; };
		069E3FE528749E160084C973 /* GlossaryTermView.swift */ = {isa = PBXFileReference; lastKnownFileType = sourcecode.swift; path = GlossaryTermView.swift; sourceTree = "<group>"; };
		069E3FE828749E7F0084C973 /* GlossaryTermListView.swift */ = {isa = PBXFileReference; lastKnownFileType = sourcecode.swift; path = GlossaryTermListView.swift; sourceTree = "<group>"; };
		069E3FEA2874A1290084C973 /* ClearButton.swift */ = {isa = PBXFileReference; lastKnownFileType = sourcecode.swift; path = ClearButton.swift; sourceTree = "<group>"; };
		06A5F60F26FACA0D00E422A8 /* RulingsList.swift */ = {isa = PBXFileReference; lastKnownFileType = sourcecode.swift; path = RulingsList.swift; sourceTree = "<group>"; };
		06BFD8C2271B842A00DCF862 /* SearchFilterView.swift */ = {isa = PBXFileReference; lastKnownFileType = sourcecode.swift; path = SearchFilterView.swift; sourceTree = "<group>"; };
		06E7FC7C270534F100802AC0 /* MTGWizardTests.xctest */ = {isa = PBXFileReference; explicitFileType = wrapper.cfbundle; includeInIndex = 0; path = MTGWizardTests.xctest; sourceTree = BUILT_PRODUCTS_DIR; };
		06F77C0526E7F6D5005C35C0 /* CardDescription.swift */ = {isa = PBXFileReference; lastKnownFileType = sourcecode.swift; path = CardDescription.swift; sourceTree = "<group>"; };
		06F77C0A26E82E20005C35C0 /* MockData.swift */ = {isa = PBXFileReference; lastKnownFileType = sourcecode.swift; path = MockData.swift; sourceTree = "<group>"; };
		06F77C0F26E82EB9005C35C0 /* NarsetEnlightenedMaster.json */ = {isa = PBXFileReference; lastKnownFileType = text.json; path = NarsetEnlightenedMaster.json; sourceTree = "<group>"; };
		06F77C1126E82EE1005C35C0 /* AkkiLavaRunner.json */ = {isa = PBXFileReference; lastKnownFileType = text.json; path = AkkiLavaRunner.json; sourceTree = "<group>"; };
		06F77C1326E82EFB005C35C0 /* HalvarGodOfBattle.json */ = {isa = PBXFileReference; lastKnownFileType = text.json; path = HalvarGodOfBattle.json; sourceTree = "<group>"; };
		06F77C1E26E84841005C35C0 /* ManaCostView.swift */ = {isa = PBXFileReference; lastKnownFileType = sourcecode.swift; path = ManaCostView.swift; sourceTree = "<group>"; };
		2A225337287B6E07005FE78E /* Array+RawRepresentable.swift */ = {isa = PBXFileReference; lastKnownFileType = sourcecode.swift; path = "Array+RawRepresentable.swift"; sourceTree = "<group>"; };
		2A94C9B0287BBB3C00E25849 /* CardDescriptionViewModel.swift */ = {isa = PBXFileReference; lastKnownFileType = sourcecode.swift; path = CardDescriptionViewModel.swift; sourceTree = "<group>"; };
		2A94C9B4287BC73A00E25849 /* SearchViewBody.swift */ = {isa = PBXFileReference; lastKnownFileType = sourcecode.swift; path = SearchViewBody.swift; sourceTree = "<group>"; };
		2A94C9B6287C551200E25849 /* View+TextFieldAlert.swift */ = {isa = PBXFileReference; lastKnownFileType = sourcecode.swift; path = "View+TextFieldAlert.swift"; sourceTree = "<group>"; };
		2A94C9BD287C79E700E25849 /* SearchView.swift */ = {isa = PBXFileReference; lastKnownFileType = sourcecode.swift; path = SearchView.swift; sourceTree = "<group>"; };
/* End PBXFileReference section */

/* Begin PBXFrameworksBuildPhase section */
		062A5D6A265F1802009FACCB /* Frameworks */ = {
			isa = PBXFrameworksBuildPhase;
			buildActionMask = 2147483647;
			files = (
				2AA021EE2882419600DDE976 /* ScryfallKit in Frameworks */,
			);
			runOnlyForDeploymentPostprocessing = 0;
		};
		06E7FC79270534F100802AC0 /* Frameworks */ = {
			isa = PBXFrameworksBuildPhase;
			buildActionMask = 2147483647;
			files = (
			);
			runOnlyForDeploymentPostprocessing = 0;
		};
/* End PBXFrameworksBuildPhase section */

/* Begin PBXGroup section */
		060AE36126E7AD2400D8F881 /* Search */ = {
			isa = PBXGroup;
			children = (
				06BFD8C2271B842A00DCF862 /* SearchFilterView.swift */,
				2A94C9B4287BC73A00E25849 /* SearchViewBody.swift */,
				060AE36226E7AD3100D8F881 /* SearchViewTab.swift */,
			);
			path = Search;
			sourceTree = "<group>";
		};
		060AE36826E7B4F800D8F881 /* SingleCardView */ = {
			isa = PBXGroup;
			children = (
				0681F2C42874C7540010E1B6 /* Subviews */,
				060AE36926E7B50900D8F881 /* SingleCardView.swift */,
			);
			path = SingleCardView;
			sourceTree = "<group>";
		};
		062979D7268255E000ADFDC3 /* Frameworks */ = {
			isa = PBXGroup;
			children = (
			);
			name = Frameworks;
			sourceTree = "<group>";
		};
		062A5D64265F1802009FACCB = {
			isa = PBXGroup;
			children = (
				062A5D6F265F1802009FACCB /* MTGWizard */,
				062A5D6E265F1802009FACCB /* Products */,
				062979D7268255E000ADFDC3 /* Frameworks */,
			);
			sourceTree = "<group>";
		};
		062A5D6E265F1802009FACCB /* Products */ = {
			isa = PBXGroup;
			children = (
				062A5D6D265F1802009FACCB /* MTGWizard.app */,
				06E7FC7C270534F100802AC0 /* MTGWizardTests.xctest */,
			);
			name = Products;
			sourceTree = "<group>";
		};
		062A5D6F265F1802009FACCB /* MTGWizard */ = {
			isa = PBXGroup;
			children = (
				069813E9286F909200D00C2E /* Models */,
				06F77C0C26E82E61005C35C0 /* MockData */,
				0659446326A603E400A8A03B /* Tabs */,
				069813F7286F9DF300D00C2E /* Extensions */,
				0659446826A6077C00A8A03B /* Components */,
				06666A782700ED4D008087EB /* Errors.swift */,
				062A5D70265F1802009FACCB /* MTGWizardApp.swift */,
				062A5D72265F1802009FACCB /* LandingView.swift */,
				062A5D74265F1803009FACCB /* Assets.xcassets */,
				062A5D79265F1803009FACCB /* Info.plist */,
				062A5D76265F1803009FACCB /* Preview Content */,
			);
			path = MTGWizard;
			sourceTree = "<group>";
		};
		062A5D76265F1803009FACCB /* Preview Content */ = {
			isa = PBXGroup;
			children = (
				062A5D77265F1803009FACCB /* Preview Assets.xcassets */,
			);
			path = "Preview Content";
			sourceTree = "<group>";
		};
		0659446326A603E400A8A03B /* Tabs */ = {
			isa = PBXGroup;
			children = (
				0681F2D12875246C0010E1B6 /* SavedCardLists */,
				069813E6286F905E00D00C2E /* Rules */,
				060AE36126E7AD2400D8F881 /* Search */,
			);
			path = Tabs;
			sourceTree = "<group>";
		};
		0659446826A6077C00A8A03B /* Components */ = {
			isa = PBXGroup;
			children = (
				2A94C9BF287C79F500E25849 /* SearchView */,
				2A94C9B8287C587900E25849 /* FormControls */,
				060AE36826E7B4F800D8F881 /* SingleCardView */,
				060AE36426E7B10700D8F881 /* CardGrid.swift */,
				06F77C1E26E84841005C35C0 /* ManaCostView.swift */,
				069E3FEA2874A1290084C973 /* ClearButton.swift */,
			);
			path = Components;
			sourceTree = "<group>";
		};
		0681F2C42874C7540010E1B6 /* Subviews */ = {
			isa = PBXGroup;
			children = (
				06F77C0526E7F6D5005C35C0 /* CardDescription.swift */,
				06A5F60F26FACA0D00E422A8 /* RulingsList.swift */,
				0681F2C52874C7650010E1B6 /* LegalityView.swift */,
				2A94C9B0287BBB3C00E25849 /* CardDescriptionViewModel.swift */,
			);
			path = Subviews;
			sourceTree = "<group>";
		};
		0681F2D12875246C0010E1B6 /* SavedCardLists */ = {
			isa = PBXGroup;
			children = (
				0681F2D2287524830010E1B6 /* SavedCardsView.swift */,
			);
			path = SavedCardLists;
			sourceTree = "<group>";
		};
		069813E6286F905E00D00C2E /* Rules */ = {
			isa = PBXGroup;
			children = (
				069E3FE728749E740084C973 /* Glossary */,
				069E3FE028748EDC0084C973 /* Comprehensive Rules */,
				069813E4286F905500D00C2E /* RulebookView.swift */,
				069813E7286F906700D00C2E /* RulebookViewModel.swift */,
			);
			path = Rules;
			sourceTree = "<group>";
		};
		069813E9286F909200D00C2E /* Models */ = {
			isa = PBXGroup;
			children = (
				069813EA286F909A00D00C2E /* RulesKit.swift */,
				069813F5286F9DB800D00C2E /* SearchFilters.swift */,
			);
			path = Models;
			sourceTree = "<group>";
		};
		069813F7286F9DF300D00C2E /* Extensions */ = {
			isa = PBXGroup;
			children = (
				0681F2C92874CD110010E1B6 /* Legality+Color.swift */,
				2A225337287B6E07005FE78E /* Array+RawRepresentable.swift */,
				2A94C9B6287C551200E25849 /* View+TextFieldAlert.swift */,
			);
			path = Extensions;
			sourceTree = "<group>";
		};
		069E3FE028748EDC0084C973 /* Comprehensive Rules */ = {
			isa = PBXGroup;
			children = (
				069813EF286F935900D00C2E /* SubcategoriesView.swift */,
				069813F1286F937E00D00C2E /* RuleView.swift */,
				069813F3286F950900D00C2E /* RulesView.swift */,
				069E3FE128748F1B0084C973 /* CategoriesView.swift */,
			);
			path = "Comprehensive Rules";
			sourceTree = "<group>";
		};
		069E3FE728749E740084C973 /* Glossary */ = {
			isa = PBXGroup;
			children = (
				069E3FE528749E160084C973 /* GlossaryTermView.swift */,
				069E3FE828749E7F0084C973 /* GlossaryTermListView.swift */,
			);
			path = Glossary;
			sourceTree = "<group>";
		};
		06F77C0C26E82E61005C35C0 /* MockData */ = {
			isa = PBXGroup;
			children = (
				06F77C0D26E82E6A005C35C0 /* JSON */,
				06F77C0A26E82E20005C35C0 /* MockData.swift */,
			);
			path = MockData;
			sourceTree = "<group>";
		};
		06F77C0D26E82E6A005C35C0 /* JSON */ = {
			isa = PBXGroup;
			children = (
				06F77C0E26E82E9D005C35C0 /* Cards */,
			);
			path = JSON;
			sourceTree = "<group>";
		};
		06F77C0E26E82E9D005C35C0 /* Cards */ = {
			isa = PBXGroup;
			children = (
				06F77C0F26E82EB9005C35C0 /* NarsetEnlightenedMaster.json */,
				06F77C1126E82EE1005C35C0 /* AkkiLavaRunner.json */,
				06F77C1326E82EFB005C35C0 /* HalvarGodOfBattle.json */,
			);
			path = Cards;
			sourceTree = "<group>";
		};
		2A94C9B8287C587900E25849 /* FormControls */ = {
			isa = PBXGroup;
			children = (
				066A1E1927205D2F00211FA8 /* ColorSelector.swift */,
				069813FC2871380000D00C2E /* ManaSymbolToggle.swift */,
				0698140028714D2C00D00C2E /* RaritySelector.swift */,
			);
			path = FormControls;
			sourceTree = "<group>";
		};
		2A94C9BF287C79F500E25849 /* SearchView */ = {
			isa = PBXGroup;
			children = (
				063A799426EA9DB000C0195C /* SearchViewModel.swift */,
				2A94C9BD287C79E700E25849 /* SearchView.swift */,
			);
			path = SearchView;
			sourceTree = "<group>";
		};
/* End PBXGroup section */

/* Begin PBXNativeTarget section */
		062A5D6C265F1802009FACCB /* MTGWizard */ = {
			isa = PBXNativeTarget;
			buildConfigurationList = 062A5D7C265F1803009FACCB /* Build configuration list for PBXNativeTarget "MTGWizard" */;
			buildPhases = (
				062A5D69265F1802009FACCB /* Sources */,
				062A5D6A265F1802009FACCB /* Frameworks */,
				062A5D6B265F1802009FACCB /* Resources */,
				06F77C1626E82F7D005C35C0 /* CopyFiles */,
			);
			buildRules = (
			);
			dependencies = (
			);
			name = MTGWizard;
			packageProductDependencies = (
				2AA021ED2882419600DDE976 /* ScryfallKit */,
			);
			productName = MTGWizard;
			productReference = 062A5D6D265F1802009FACCB /* MTGWizard.app */;
			productType = "com.apple.product-type.application";
		};
		06E7FC7B270534F100802AC0 /* MTGWizardTests */ = {
			isa = PBXNativeTarget;
			buildConfigurationList = 06E7FC84270534F100802AC0 /* Build configuration list for PBXNativeTarget "MTGWizardTests" */;
			buildPhases = (
				06E7FC78270534F100802AC0 /* Sources */,
				06E7FC79270534F100802AC0 /* Frameworks */,
				06E7FC7A270534F100802AC0 /* Resources */,
			);
			buildRules = (
			);
			dependencies = (
				06E7FC81270534F100802AC0 /* PBXTargetDependency */,
			);
			name = MTGWizardTests;
			productName = MTGWizardTests;
			productReference = 06E7FC7C270534F100802AC0 /* MTGWizardTests.xctest */;
			productType = "com.apple.product-type.bundle.unit-test";
		};
/* End PBXNativeTarget section */

/* Begin PBXProject section */
		062A5D65265F1802009FACCB /* Project object */ = {
			isa = PBXProject;
			attributes = {
				LastSwiftUpdateCheck = 1300;
				LastUpgradeCheck = 1250;
				TargetAttributes = {
					062A5D6C265F1802009FACCB = {
						CreatedOnToolsVersion = 12.5;
					};
					06E7FC7B270534F100802AC0 = {
						CreatedOnToolsVersion = 13.0;
						TestTargetID = 062A5D6C265F1802009FACCB;
					};
				};
			};
			buildConfigurationList = 062A5D68265F1802009FACCB /* Build configuration list for PBXProject "MTGWizard" */;
			compatibilityVersion = "Xcode 9.3";
			developmentRegion = en;
			hasScannedForEncodings = 0;
			knownRegions = (
				en,
				Base,
			);
			mainGroup = 062A5D64265F1802009FACCB;
			packageReferences = (
				2AA021EC2882419600DDE976 /* XCRemoteSwiftPackageReference "ScryfallKit" */,
			);
			productRefGroup = 062A5D6E265F1802009FACCB /* Products */;
			projectDirPath = "";
			projectRoot = "";
			targets = (
				062A5D6C265F1802009FACCB /* MTGWizard */,
				06E7FC7B270534F100802AC0 /* MTGWizardTests */,
			);
		};
/* End PBXProject section */

/* Begin PBXResourcesBuildPhase section */
		062A5D6B265F1802009FACCB /* Resources */ = {
			isa = PBXResourcesBuildPhase;
			buildActionMask = 2147483647;
			files = (
				062A5D78265F1803009FACCB /* Preview Assets.xcassets in Resources */,
				062A5D75265F1803009FACCB /* Assets.xcassets in Resources */,
			);
			runOnlyForDeploymentPostprocessing = 0;
		};
		06E7FC7A270534F100802AC0 /* Resources */ = {
			isa = PBXResourcesBuildPhase;
			buildActionMask = 2147483647;
			files = (
			);
			runOnlyForDeploymentPostprocessing = 0;
		};
/* End PBXResourcesBuildPhase section */

/* Begin PBXSourcesBuildPhase section */
		062A5D69265F1802009FACCB /* Sources */ = {
			isa = PBXSourcesBuildPhase;
			buildActionMask = 2147483647;
			files = (
				062A5D73265F1802009FACCB /* LandingView.swift in Sources */,
				06F77C0626E7F6D5005C35C0 /* CardDescription.swift in Sources */,
				06F77C1F26E84841005C35C0 /* ManaCostView.swift in Sources */,
				069E3FE928749E7F0084C973 /* GlossaryTermListView.swift in Sources */,
				0681F2C62874C7650010E1B6 /* LegalityView.swift in Sources */,
				2A94C9B5287BC73A00E25849 /* SearchViewBody.swift in Sources */,
				069E3FE228748F1B0084C973 /* CategoriesView.swift in Sources */,
				069813F2286F937E00D00C2E /* RuleView.swift in Sources */,
				069813F0286F935900D00C2E /* SubcategoriesView.swift in Sources */,
				066A1E1A27205D2F00211FA8 /* ColorSelector.swift in Sources */,
				2A94C9B7287C551200E25849 /* View+TextFieldAlert.swift in Sources */,
				2A225338287B6E07005FE78E /* Array+RawRepresentable.swift in Sources */,
				069813E8286F906700D00C2E /* RulebookViewModel.swift in Sources */,
				06666A792700ED4D008087EB /* Errors.swift in Sources */,
				060AE36526E7B10700D8F881 /* CardGrid.swift in Sources */,
				2A94C9B1287BBB3C00E25849 /* CardDescriptionViewModel.swift in Sources */,
				063A799526EA9DB000C0195C /* SearchViewModel.swift in Sources */,
				069813F6286F9DB800D00C2E /* SearchFilters.swift in Sources */,
				069E3FEB2874A1290084C973 /* ClearButton.swift in Sources */,
				069813EB286F909A00D00C2E /* RulesKit.swift in Sources */,
				06A5F61026FACA0D00E422A8 /* RulingsList.swift in Sources */,
				0681F2CA2874CD110010E1B6 /* Legality+Color.swift in Sources */,
				2A94C9BE287C79E700E25849 /* SearchView.swift in Sources */,
				06BFD8C3271B842A00DCF862 /* SearchFilterView.swift in Sources */,
				062A5D71265F1802009FACCB /* MTGWizardApp.swift in Sources */,
				0681F2D3287524830010E1B6 /* SavedCardsView.swift in Sources */,
				0698140128714D2C00D00C2E /* RaritySelector.swift in Sources */,
				069813FD2871380000D00C2E /* ManaSymbolToggle.swift in Sources */,
				060AE36326E7AD3100D8F881 /* SearchViewTab.swift in Sources */,
				069813F4286F950900D00C2E /* RulesView.swift in Sources */,
				060AE36A26E7B50900D8F881 /* SingleCardView.swift in Sources */,
				069E3FE628749E160084C973 /* GlossaryTermView.swift in Sources */,
				069813E5286F905500D00C2E /* RulebookView.swift in Sources */,
				06F77C0B26E82E20005C35C0 /* MockData.swift in Sources */,
			);
			runOnlyForDeploymentPostprocessing = 0;
		};
		06E7FC78270534F100802AC0 /* Sources */ = {
			isa = PBXSourcesBuildPhase;
			buildActionMask = 2147483647;
			files = (
			);
			runOnlyForDeploymentPostprocessing = 0;
		};
/* End PBXSourcesBuildPhase section */

/* Begin PBXTargetDependency section */
		06E7FC81270534F100802AC0 /* PBXTargetDependency */ = {
			isa = PBXTargetDependency;
			target = 062A5D6C265F1802009FACCB /* MTGWizard */;
			targetProxy = 06E7FC80270534F100802AC0 /* PBXContainerItemProxy */;
		};
/* End PBXTargetDependency section */

/* Begin XCBuildConfiguration section */
		062A5D7A265F1803009FACCB /* Debug */ = {
			isa = XCBuildConfiguration;
			buildSettings = {
				ALWAYS_SEARCH_USER_PATHS = NO;
				CLANG_ANALYZER_NONNULL = YES;
				CLANG_ANALYZER_NUMBER_OBJECT_CONVERSION = YES_AGGRESSIVE;
				CLANG_CXX_LANGUAGE_STANDARD = "gnu++14";
				CLANG_CXX_LIBRARY = "libc++";
				CLANG_ENABLE_MODULES = YES;
				CLANG_ENABLE_OBJC_ARC = YES;
				CLANG_ENABLE_OBJC_WEAK = YES;
				CLANG_WARN_BLOCK_CAPTURE_AUTORELEASING = YES;
				CLANG_WARN_BOOL_CONVERSION = YES;
				CLANG_WARN_COMMA = YES;
				CLANG_WARN_CONSTANT_CONVERSION = YES;
				CLANG_WARN_DEPRECATED_OBJC_IMPLEMENTATIONS = YES;
				CLANG_WARN_DIRECT_OBJC_ISA_USAGE = YES_ERROR;
				CLANG_WARN_DOCUMENTATION_COMMENTS = YES;
				CLANG_WARN_EMPTY_BODY = YES;
				CLANG_WARN_ENUM_CONVERSION = YES;
				CLANG_WARN_INFINITE_RECURSION = YES;
				CLANG_WARN_INT_CONVERSION = YES;
				CLANG_WARN_NON_LITERAL_NULL_CONVERSION = YES;
				CLANG_WARN_OBJC_IMPLICIT_RETAIN_SELF = YES;
				CLANG_WARN_OBJC_LITERAL_CONVERSION = YES;
				CLANG_WARN_OBJC_ROOT_CLASS = YES_ERROR;
				CLANG_WARN_QUOTED_INCLUDE_IN_FRAMEWORK_HEADER = YES;
				CLANG_WARN_RANGE_LOOP_ANALYSIS = YES;
				CLANG_WARN_STRICT_PROTOTYPES = YES;
				CLANG_WARN_SUSPICIOUS_MOVE = YES;
				CLANG_WARN_UNGUARDED_AVAILABILITY = YES_AGGRESSIVE;
				CLANG_WARN_UNREACHABLE_CODE = YES;
				CLANG_WARN__DUPLICATE_METHOD_MATCH = YES;
				COPY_PHASE_STRIP = NO;
				DEBUG_INFORMATION_FORMAT = dwarf;
				ENABLE_STRICT_OBJC_MSGSEND = YES;
				ENABLE_TESTABILITY = YES;
				GCC_C_LANGUAGE_STANDARD = gnu11;
				GCC_DYNAMIC_NO_PIC = NO;
				GCC_NO_COMMON_BLOCKS = YES;
				GCC_OPTIMIZATION_LEVEL = 0;
				GCC_PREPROCESSOR_DEFINITIONS = (
					"DEBUG=1",
					"$(inherited)",
				);
				GCC_WARN_64_TO_32_BIT_CONVERSION = YES;
				GCC_WARN_ABOUT_RETURN_TYPE = YES_ERROR;
				GCC_WARN_UNDECLARED_SELECTOR = YES;
				GCC_WARN_UNINITIALIZED_AUTOS = YES_AGGRESSIVE;
				GCC_WARN_UNUSED_FUNCTION = YES;
				GCC_WARN_UNUSED_VARIABLE = YES;
				IPHONEOS_DEPLOYMENT_TARGET = 16.0;
				MTL_ENABLE_DEBUG_INFO = INCLUDE_SOURCE;
				MTL_FAST_MATH = YES;
				ONLY_ACTIVE_ARCH = YES;
				SDKROOT = iphoneos;
				SWIFT_ACTIVE_COMPILATION_CONDITIONS = DEBUG;
				SWIFT_OPTIMIZATION_LEVEL = "-Onone";
			};
			name = Debug;
		};
		062A5D7B265F1803009FACCB /* Release */ = {
			isa = XCBuildConfiguration;
			buildSettings = {
				ALWAYS_SEARCH_USER_PATHS = NO;
				CLANG_ANALYZER_NONNULL = YES;
				CLANG_ANALYZER_NUMBER_OBJECT_CONVERSION = YES_AGGRESSIVE;
				CLANG_CXX_LANGUAGE_STANDARD = "gnu++14";
				CLANG_CXX_LIBRARY = "libc++";
				CLANG_ENABLE_MODULES = YES;
				CLANG_ENABLE_OBJC_ARC = YES;
				CLANG_ENABLE_OBJC_WEAK = YES;
				CLANG_WARN_BLOCK_CAPTURE_AUTORELEASING = YES;
				CLANG_WARN_BOOL_CONVERSION = YES;
				CLANG_WARN_COMMA = YES;
				CLANG_WARN_CONSTANT_CONVERSION = YES;
				CLANG_WARN_DEPRECATED_OBJC_IMPLEMENTATIONS = YES;
				CLANG_WARN_DIRECT_OBJC_ISA_USAGE = YES_ERROR;
				CLANG_WARN_DOCUMENTATION_COMMENTS = YES;
				CLANG_WARN_EMPTY_BODY = YES;
				CLANG_WARN_ENUM_CONVERSION = YES;
				CLANG_WARN_INFINITE_RECURSION = YES;
				CLANG_WARN_INT_CONVERSION = YES;
				CLANG_WARN_NON_LITERAL_NULL_CONVERSION = YES;
				CLANG_WARN_OBJC_IMPLICIT_RETAIN_SELF = YES;
				CLANG_WARN_OBJC_LITERAL_CONVERSION = YES;
				CLANG_WARN_OBJC_ROOT_CLASS = YES_ERROR;
				CLANG_WARN_QUOTED_INCLUDE_IN_FRAMEWORK_HEADER = YES;
				CLANG_WARN_RANGE_LOOP_ANALYSIS = YES;
				CLANG_WARN_STRICT_PROTOTYPES = YES;
				CLANG_WARN_SUSPICIOUS_MOVE = YES;
				CLANG_WARN_UNGUARDED_AVAILABILITY = YES_AGGRESSIVE;
				CLANG_WARN_UNREACHABLE_CODE = YES;
				CLANG_WARN__DUPLICATE_METHOD_MATCH = YES;
				COPY_PHASE_STRIP = NO;
				DEBUG_INFORMATION_FORMAT = "dwarf-with-dsym";
				ENABLE_NS_ASSERTIONS = NO;
				ENABLE_STRICT_OBJC_MSGSEND = YES;
				GCC_C_LANGUAGE_STANDARD = gnu11;
				GCC_NO_COMMON_BLOCKS = YES;
				GCC_WARN_64_TO_32_BIT_CONVERSION = YES;
				GCC_WARN_ABOUT_RETURN_TYPE = YES_ERROR;
				GCC_WARN_UNDECLARED_SELECTOR = YES;
				GCC_WARN_UNINITIALIZED_AUTOS = YES_AGGRESSIVE;
				GCC_WARN_UNUSED_FUNCTION = YES;
				GCC_WARN_UNUSED_VARIABLE = YES;
				IPHONEOS_DEPLOYMENT_TARGET = 16.0;
				MTL_ENABLE_DEBUG_INFO = NO;
				MTL_FAST_MATH = YES;
				SDKROOT = iphoneos;
				SWIFT_COMPILATION_MODE = wholemodule;
				SWIFT_OPTIMIZATION_LEVEL = "-O";
				VALIDATE_PRODUCT = YES;
			};
			name = Release;
		};
		062A5D7D265F1803009FACCB /* Debug */ = {
			isa = XCBuildConfiguration;
			buildSettings = {
				ASSETCATALOG_COMPILER_APPICON_NAME = AppIcon;
				ASSETCATALOG_COMPILER_GLOBAL_ACCENT_COLOR_NAME = AccentColor;
				CODE_SIGN_STYLE = Automatic;
				DEVELOPMENT_ASSET_PATHS = "\"MTGWizard/Preview Content\"";
				DEVELOPMENT_TEAM = 483DWKW443;
				ENABLE_PREVIEWS = YES;
				INFOPLIST_FILE = MTGWizard/Info.plist;
				IPHONEOS_DEPLOYMENT_TARGET = 16.0;
				LD_RUNPATH_SEARCH_PATHS = (
					"$(inherited)",
					"@executable_path/Frameworks",
				);
				MARKETING_VERSION = 0.0.1;
				PRODUCT_BUNDLE_IDENTIFIER = dev.hearst.MTGWizard;
				PRODUCT_NAME = "$(TARGET_NAME)";
				SWIFT_VERSION = 5.0;
				TARGETED_DEVICE_FAMILY = "1,2";
			};
			name = Debug;
		};
		062A5D7E265F1803009FACCB /* Release */ = {
			isa = XCBuildConfiguration;
			buildSettings = {
				ASSETCATALOG_COMPILER_APPICON_NAME = AppIcon;
				ASSETCATALOG_COMPILER_GLOBAL_ACCENT_COLOR_NAME = AccentColor;
				CODE_SIGN_STYLE = Automatic;
				DEVELOPMENT_ASSET_PATHS = "\"MTGWizard/Preview Content\"";
				DEVELOPMENT_TEAM = 483DWKW443;
				ENABLE_PREVIEWS = YES;
				INFOPLIST_FILE = MTGWizard/Info.plist;
				IPHONEOS_DEPLOYMENT_TARGET = 16.0;
				LD_RUNPATH_SEARCH_PATHS = (
					"$(inherited)",
					"@executable_path/Frameworks",
				);
				MARKETING_VERSION = 0.0.1;
				PRODUCT_BUNDLE_IDENTIFIER = dev.hearst.MTGWizard;
				PRODUCT_NAME = "$(TARGET_NAME)";
				SWIFT_VERSION = 5.0;
				TARGETED_DEVICE_FAMILY = "1,2";
			};
			name = Release;
		};
		06E7FC82270534F100802AC0 /* Debug */ = {
			isa = XCBuildConfiguration;
			buildSettings = {
				BUNDLE_LOADER = "$(TEST_HOST)";
				CLANG_CXX_LANGUAGE_STANDARD = "gnu++17";
				CODE_SIGN_STYLE = Automatic;
				CURRENT_PROJECT_VERSION = 1;
				DEVELOPMENT_TEAM = F8SAUD58HS;
				GENERATE_INFOPLIST_FILE = YES;
				LD_RUNPATH_SEARCH_PATHS = (
					"$(inherited)",
					"@executable_path/Frameworks",
					"@loader_path/Frameworks",
				);
				MARKETING_VERSION = 1.0;
				PRODUCT_BUNDLE_IDENTIFIER = dev.hearst.MTGWizardTests;
				PRODUCT_NAME = "$(TARGET_NAME)";
				SWIFT_EMIT_LOC_STRINGS = NO;
				SWIFT_VERSION = 5.0;
				TARGETED_DEVICE_FAMILY = "1,2";
				TEST_HOST = "$(BUILT_PRODUCTS_DIR)/MTGWizard.app/MTGWizard";
			};
			name = Debug;
		};
		06E7FC83270534F100802AC0 /* Release */ = {
			isa = XCBuildConfiguration;
			buildSettings = {
				BUNDLE_LOADER = "$(TEST_HOST)";
				CLANG_CXX_LANGUAGE_STANDARD = "gnu++17";
				CODE_SIGN_STYLE = Automatic;
				CURRENT_PROJECT_VERSION = 1;
				DEVELOPMENT_TEAM = F8SAUD58HS;
				GENERATE_INFOPLIST_FILE = YES;
				LD_RUNPATH_SEARCH_PATHS = (
					"$(inherited)",
					"@executable_path/Frameworks",
					"@loader_path/Frameworks",
				);
				MARKETING_VERSION = 1.0;
				PRODUCT_BUNDLE_IDENTIFIER = dev.hearst.MTGWizardTests;
				PRODUCT_NAME = "$(TARGET_NAME)";
				SWIFT_EMIT_LOC_STRINGS = NO;
				SWIFT_VERSION = 5.0;
				TARGETED_DEVICE_FAMILY = "1,2";
				TEST_HOST = "$(BUILT_PRODUCTS_DIR)/MTGWizard.app/MTGWizard";
			};
			name = Release;
		};
/* End XCBuildConfiguration section */

/* Begin XCConfigurationList section */
		062A5D68265F1802009FACCB /* Build configuration list for PBXProject "MTGWizard" */ = {
			isa = XCConfigurationList;
			buildConfigurations = (
				062A5D7A265F1803009FACCB /* Debug */,
				062A5D7B265F1803009FACCB /* Release */,
			);
			defaultConfigurationIsVisible = 0;
			defaultConfigurationName = Release;
		};
		062A5D7C265F1803009FACCB /* Build configuration list for PBXNativeTarget "MTGWizard" */ = {
			isa = XCConfigurationList;
			buildConfigurations = (
				062A5D7D265F1803009FACCB /* Debug */,
				062A5D7E265F1803009FACCB /* Release */,
			);
			defaultConfigurationIsVisible = 0;
			defaultConfigurationName = Release;
		};
		06E7FC84270534F100802AC0 /* Build configuration list for PBXNativeTarget "MTGWizardTests" */ = {
			isa = XCConfigurationList;
			buildConfigurations = (
				06E7FC82270534F100802AC0 /* Debug */,
				06E7FC83270534F100802AC0 /* Release */,
			);
			defaultConfigurationIsVisible = 0;
			defaultConfigurationName = Release;
		};
/* End XCConfigurationList section */

/* Begin XCRemoteSwiftPackageReference section */
		2AA021EC2882419600DDE976 /* XCRemoteSwiftPackageReference "ScryfallKit" */ = {
			isa = XCRemoteSwiftPackageReference;
			repositoryURL = "https://github.com/JacobHearst/ScryfallKit";
			requirement = {
				kind = upToNextMajorVersion;
				minimumVersion = 2.0.0;
			};
		};
/* End XCRemoteSwiftPackageReference section */

/* Begin XCSwiftPackageProductDependency section */
		2AA021ED2882419600DDE976 /* ScryfallKit */ = {
			isa = XCSwiftPackageProductDependency;
			package = 2AA021EC2882419600DDE976 /* XCRemoteSwiftPackageReference "ScryfallKit" */;
			productName = ScryfallKit;
		};
/* End XCSwiftPackageProductDependency section */
	};
	rootObject = 062A5D65265F1802009FACCB /* Project object */;
}
