{
  "pins" : [
    {
      "identity" : "scryfallkit",
      "kind" : "remoteSourceControl",
      "location" : "https://github.com/JacobHearst/ScryfallKit.git",
      "state" : {
        "revision" : "bee63ee16df4530c83809ace786f1250320dae95",
        "version" : "2.4.0"
      }
    }
  ],
  "version" : 2
}
