{
  "pins" : [
    {
      "identity" : "scryfallkit",
      "kind" : "remoteSourceControl",
      "location" : "https://github.com/JacobHearst/ScryfallKit.git",
      "state" : {
        "revision" : "08d4452671105a5c85e18145c9aac009d4242d36",
        "version" : "2.2.0"
      }
    }
  ],
  "version" : 2
}
